
Microsoft Visual Studio Solution File, Format Version 12.00
# Visual Studio 2012
Project("{FAE04EC0-301F-11D3-BF4B-00C04F79EFBC}") = "Young.Model", "Young.Model\Young.Model.csproj", "{009C6DD9-4A7E-4757-BD5E-9BB09429B040}"
EndProject
Project("{FAE04EC0-301F-11D3-BF4B-00C04F79EFBC}") = "Young.DAL", "Young.DAL\Young.DAL.csproj", "{91E72547-1B0F-48D3-9032-B99732BE9AC8}"
EndProject
Project("{FAE04EC0-301F-11D3-BF4B-00C04F79EFBC}") = "Young.Web", "Young.Web\Young.Web.csproj", "{24F0A1BC-776B-4AD6-B541-DBC16A37C87E}"
EndProject
Project("{FAE04EC0-301F-11D3-BF4B-00C04F79EFBC}") = "Young.Provider", "Young.Provider\Young.Provider.csproj", "{E7A4F12F-3521-41A8-B97A-352AF5B9F2F8}"
EndProject
Project("{FAE04EC0-301F-11D3-BF4B-00C04F79EFBC}") = "Young.BLL", "Young.BLL\Young.BLL.csproj", "{C8786477-84F5-4851-AADD-DE3A5754093A}"
EndProject
Project("{FAE04EC0-301F-11D3-BF4B-00C04F79EFBC}") = "Young.Workflow", "Young.Workflow\Young.Workflow.csproj", "{0C308B7B-7A23-4866-AD13-F8E6863F4E6D}"
EndProject
Project("{FAE04EC0-301F-11D3-BF4B-00C04F79EFBC}") = "Young.CustomTable", "Young.CustomTable\Young.CustomTable.csproj", "{3E01C759-52A1-4554-8FA5-D859BDBA0414}"
EndProject
Project("{FAE04EC0-301F-11D3-BF4B-00C04F79EFBC}") = "Young.Util", "Young.Util\Young.Util.csproj", "{11B4EFDD-5F2B-4DFB-8D9C-8416C8284FD9}"
EndProject
Global
	GlobalSection(SolutionConfigurationPlatforms) = preSolution
		Debug|Any CPU = Debug|Any CPU
		Release|Any CPU = Release|Any CPU
	EndGlobalSection
	GlobalSection(ProjectConfigurationPlatforms) = postSolution
		{009C6DD9-4A7E-4757-BD5E-9BB09429B040}.Debug|Any CPU.ActiveCfg = Debug|Any CPU
		{009C6DD9-4A7E-4757-BD5E-9BB09429B040}.Debug|Any CPU.Build.0 = Debug|Any CPU
		{009C6DD9-4A7E-4757-BD5E-9BB09429B040}.Release|Any CPU.ActiveCfg = Release|Any CPU
		{009C6DD9-4A7E-4757-BD5E-9BB09429B040}.Release|Any CPU.Build.0 = Release|Any CPU
		{91E72547-1B0F-48D3-9032-B99732BE9AC8}.Debug|Any CPU.ActiveCfg = Debug|Any CPU
		{91E72547-1B0F-48D3-9032-B99732BE9AC8}.Debug|Any CPU.Build.0 = Debug|Any CPU
		{91E72547-1B0F-48D3-9032-B99732BE9AC8}.Release|Any CPU.ActiveCfg = Release|Any CPU
		{91E72547-1B0F-48D3-9032-B99732BE9AC8}.Release|Any CPU.Build.0 = Release|Any CPU
		{24F0A1BC-776B-4AD6-B541-DBC16A37C87E}.Debug|Any CPU.ActiveCfg = Debug|Any CPU
		{24F0A1BC-776B-4AD6-B541-DBC16A37C87E}.Debug|Any CPU.Build.0 = Debug|Any CPU
		{24F0A1BC-776B-4AD6-B541-DBC16A37C87E}.Release|Any CPU.ActiveCfg = Release|Any CPU
		{24F0A1BC-776B-4AD6-B541-DBC16A37C87E}.Release|Any CPU.Build.0 = Release|Any CPU
		{E7A4F12F-3521-41A8-B97A-352AF5B9F2F8}.Debug|Any CPU.ActiveCfg = Debug|Any CPU
		{E7A4F12F-3521-41A8-B97A-352AF5B9F2F8}.Debug|Any CPU.Build.0 = Debug|Any CPU
		{E7A4F12F-3521-41A8-B97A-352AF5B9F2F8}.Release|Any CPU.ActiveCfg = Release|Any CPU
		{E7A4F12F-3521-41A8-B97A-352AF5B9F2F8}.Release|Any CPU.Build.0 = Release|Any CPU
		{C8786477-84F5-4851-AADD-DE3A5754093A}.Debug|Any CPU.ActiveCfg = Debug|Any CPU
		{C8786477-84F5-4851-AADD-DE3A5754093A}.Debug|Any CPU.Build.0 = Debug|Any CPU
		{C8786477-84F5-4851-AADD-DE3A5754093A}.Release|Any CPU.ActiveCfg = Release|Any CPU
		{C8786477-84F5-4851-AADD-DE3A5754093A}.Release|Any CPU.Build.0 = Release|Any CPU
		{0C308B7B-7A23-4866-AD13-F8E6863F4E6D}.Debug|Any CPU.ActiveCfg = Debug|Any CPU
		{0C308B7B-7A23-4866-AD13-F8E6863F4E6D}.Debug|Any CPU.Build.0 = Debug|Any CPU
		{0C308B7B-7A23-4866-AD13-F8E6863F4E6D}.Release|Any CPU.ActiveCfg = Release|Any CPU
		{0C308B7B-7A23-4866-AD13-F8E6863F4E6D}.Release|Any CPU.Build.0 = Release|Any CPU
		{3E01C759-52A1-4554-8FA5-D859BDBA0414}.Debug|Any CPU.ActiveCfg = Debug|Any CPU
		{3E01C759-52A1-4554-8FA5-D859BDBA0414}.Debug|Any CPU.Build.0 = Debug|Any CPU
		{3E01C759-52A1-4554-8FA5-D859BDBA0414}.Release|Any CPU.ActiveCfg = Release|Any CPU
		{3E01C759-52A1-4554-8FA5-D859BDBA0414}.Release|Any CPU.Build.0 = Release|Any CPU
		{11B4EFDD-5F2B-4DFB-8D9C-8416C8284FD9}.Debug|Any CPU.ActiveCfg = Debug|Any CPU
		{11B4EFDD-5F2B-4DFB-8D9C-8416C8284FD9}.Debug|Any CPU.Build.0 = Debug|Any CPU
		{11B4EFDD-5F2B-4DFB-8D9C-8416C8284FD9}.Release|Any CPU.ActiveCfg = Release|Any CPU
		{11B4EFDD-5F2B-4DFB-8D9C-8416C8284FD9}.Release|Any CPU.Build.0 = Release|Any CPU
	EndGlobalSection
	GlobalSection(SolutionProperties) = preSolution
		HideSolutionNode = FALSE
	EndGlobalSection
EndGlobal
